
Microsoft Visual Studio Solution File, Format Version 12.00
# Visual Studio 14
VisualStudioVersion = 14.0.25420.1
MinimumVisualStudioVersion = 10.0.40219.1
Project("{CC5FD16D-436D-48AD-A40C-5A424C6E3E79}") = "AzureCloudService", "AzureCloudService\AzureCloudService.ccproj", "{56B8B934-C557-4BDC-B9FA-86D86864220A}"
EndProject
Project("{FAE04EC0-301F-11D3-BF4B-00C04F79EFBC}") = "Api", "Api\Api.csproj", "{6B170659-6C40-4757-BB45-31138FD55987}"
EndProject
Project("{FAE04EC0-301F-11D3-BF4B-00C04F79EFBC}") = "Processa Pedidos", "Processa Pedidos\Processa Pedidos.csproj", "{3618DA72-7833-4277-A4E9-8D471A3AEA6A}"
EndProject
Project("{FAE04EC0-301F-11D3-BF4B-00C04F79EFBC}") = "Models", "Models\Models.csproj", "{9A90AB55-982E-475A-83F8-99F83D2008E5}"
EndProject
Global
	GlobalSection(SolutionConfigurationPlatforms) = preSolution
		Debug|Any CPU = Debug|Any CPU
		Release|Any CPU = Release|Any CPU
	EndGlobalSection
	GlobalSection(ProjectConfigurationPlatforms) = postSolution
		{56B8B934-C557-4BDC-B9FA-86D86864220A}.Debug|Any CPU.ActiveCfg = Debug|Any CPU
		{56B8B934-C557-4BDC-B9FA-86D86864220A}.Debug|Any CPU.Build.0 = Debug|Any CPU
		{56B8B934-C557-4BDC-B9FA-86D86864220A}.Release|Any CPU.ActiveCfg = Release|Any CPU
		{56B8B934-C557-4BDC-B9FA-86D86864220A}.Release|Any CPU.Build.0 = Release|Any CPU
		{6B170659-6C40-4757-BB45-31138FD55987}.Debug|Any CPU.ActiveCfg = Debug|Any CPU
		{6B170659-6C40-4757-BB45-31138FD55987}.Debug|Any CPU.Build.0 = Debug|Any CPU
		{6B170659-6C40-4757-BB45-31138FD55987}.Release|Any CPU.ActiveCfg = Release|Any CPU
		{6B170659-6C40-4757-BB45-31138FD55987}.Release|Any CPU.Build.0 = Release|Any CPU
		{3618DA72-7833-4277-A4E9-8D471A3AEA6A}.Debug|Any CPU.ActiveCfg = Debug|Any CPU
		{3618DA72-7833-4277-A4E9-8D471A3AEA6A}.Debug|Any CPU.Build.0 = Debug|Any CPU
		{3618DA72-7833-4277-A4E9-8D471A3AEA6A}.Release|Any CPU.ActiveCfg = Release|Any CPU
		{3618DA72-7833-4277-A4E9-8D471A3AEA6A}.Release|Any CPU.Build.0 = Release|Any CPU
		{9A90AB55-982E-475A-83F8-99F83D2008E5}.Debug|Any CPU.ActiveCfg = Debug|Any CPU
		{9A90AB55-982E-475A-83F8-99F83D2008E5}.Debug|Any CPU.Build.0 = Debug|Any CPU
		{9A90AB55-982E-475A-83F8-99F83D2008E5}.Release|Any CPU.ActiveCfg = Release|Any CPU
		{9A90AB55-982E-475A-83F8-99F83D2008E5}.Release|Any CPU.Build.0 = Release|Any CPU
	EndGlobalSection
	GlobalSection(SolutionProperties) = preSolution
		HideSolutionNode = FALSE
	EndGlobalSection
EndGlobal
